// !$*UTF8*$!
{
	archiveVersion = 1;
	classes = {
	};
	objectVersion = 46;
	objects = {

/* Begin PBXBuildFile section */
		C7C6A7551C8226F600D6BB44 /* AppDelegate.swift in Sources */ = {isa = PBXBuildFile; fileRef = C7C6A7541C8226F600D6BB44 /* AppDelegate.swift */; };
		C7C6A7571C8226F600D6BB44 /* ViewController.swift in Sources */ = {isa = PBXBuildFile; fileRef = C7C6A7561C8226F600D6BB44 /* ViewController.swift */; };
		C7C6A75A1C8226F600D6BB44 /* Main.storyboard in Resources */ = {isa = PBXBuildFile; fileRef = C7C6A7581C8226F600D6BB44 /* Main.storyboard */; };
		C7C6A75C1C8226F600D6BB44 /* Assets.xcassets in Resources */ = {isa = PBXBuildFile; fileRef = C7C6A75B1C8226F600D6BB44 /* Assets.xcassets */; };
		C7C6A75F1C8226F600D6BB44 /* LaunchScreen.storyboard in Resources */ = {isa = PBXBuildFile; fileRef = C7C6A75D1C8226F600D6BB44 /* LaunchScreen.storyboard */; };
		C7C6A7681C822EA800D6BB44 /* calling.mp3 in Resources */ = {isa = PBXBuildFile; fileRef = C7C6A7671C822EA800D6BB44 /* calling.mp3 */; };
		C7C6A76A1C82314600D6BB44 /* car.mp3 in Resources */ = {isa = PBXBuildFile; fileRef = C7C6A7691C82314600D6BB44 /* car.mp3 */; };
		C7C6A76C1C82319000D6BB44 /* train.mp3 in Resources */ = {isa = PBXBuildFile; fileRef = C7C6A76B1C82319000D6BB44 /* train.mp3 */; };
		C7C6A76E1C8231D700D6BB44 /* gun.mp3 in Resources */ = {isa = PBXBuildFile; fileRef = C7C6A76D1C8231D700D6BB44 /* gun.mp3 */; };
		C7C6A7701C8231FB00D6BB44 /* tunk.mp3 in Resources */ = {isa = PBXBuildFile; fileRef = C7C6A76F1C8231FB00D6BB44 /* tunk.mp3 */; };
/* End PBXBuildFile section */

/* Begin PBXFileReference section */
		C7C6A7511C8226F600D6BB44 /* Swipes&Shakes.app */ = {isa = PBXFileReference; explicitFileType = wrapper.application; includeInIndex = 0; path = "Swipes&Shakes.app"; sourceTree = BUILT_PRODUCTS_DIR; };
		C7C6A7541C8226F600D6BB44 /* AppDelegate.swift */ = {isa = PBXFileReference; lastKnownFileType = sourcecode.swift; path = AppDelegate.swift; sourceTree = "<group>"; };
		C7C6A7561C8226F600D6BB44 /* ViewController.swift */ = {isa = PBXFileReference; lastKnownFileType = sourcecode.swift; path = ViewController.swift; sourceTree = "<group>"; };
		C7C6A7591C8226F600D6BB44 /* Base */ = {isa = PBXFileReference; lastKnownFileType = file.storyboard; name = Base; path = Base.lproj/Main.storyboard; sourceTree = "<group>"; };
		C7C6A75B1C8226F600D6BB44 /* Assets.xcassets */ = {isa = PBXFileReference; lastKnownFileType = folder.assetcatalog; path = Assets.xcassets; sourceTree = "<group>"; };
		C7C6A75E1C8226F600D6BB44 /* Base */ = {isa = PBXFileReference; lastKnownFileType = file.storyboard; name = Base; path = Base.lproj/LaunchScreen.storyboard; sourceTree = "<group>"; };
		C7C6A7601C8226F600D6BB44 /* Info.plist */ = {isa = PBXFileReference; lastKnownFileType = text.plist.xml; path = Info.plist; sourceTree = "<group>"; };
		C7C6A7671C822EA800D6BB44 /* calling.mp3 */ = {isa = PBXFileReference; lastKnownFileType = audio.mp3; name = calling.mp3; path = ../../../calling.mp3; sourceTree = "<group>"; };
		C7C6A7691C82314600D6BB44 /* car.mp3 */ = {isa = PBXFileReference; lastKnownFileType = audio.mp3; name = car.mp3; path = ../../../../Downloads/car.mp3; sourceTree = "<group>"; };
		C7C6A76B1C82319000D6BB44 /* train.mp3 */ = {isa = PBXFileReference; lastKnownFileType = audio.mp3; name = train.mp3; path = ../../../../Downloads/train.mp3; sourceTree = "<group>"; };
		C7C6A76D1C8231D700D6BB44 /* gun.mp3 */ = {isa = PBXFileReference; lastKnownFileType = audio.mp3; name = gun.mp3; path = ../../../../Downloads/gun.mp3; sourceTree = "<group>"; };
		C7C6A76F1C8231FB00D6BB44 /* tunk.mp3 */ = {isa = PBXFileReference; lastKnownFileType = audio.mp3; name = tunk.mp3; path = ../../../../Downloads/tunk.mp3; sourceTree = "<group>"; };
/* End PBXFileReference section */

/* Begin PBXFrameworksBuildPhase section */
		C7C6A74E1C8226F600D6BB44 /* Frameworks */ = {
			isa = PBXFrameworksBuildPhase;
			buildActionMask = 2147483647;
			files = (
			);
			runOnlyForDeploymentPostprocessing = 0;
		};
/* End PBXFrameworksBuildPhase section */

/* Begin PBXGroup section */
		C7C6A7481C8226F600D6BB44 = {
			isa = PBXGroup;
			children = (
				C7C6A7531C8226F600D6BB44 /* Swipes&Shakes */,
				C7C6A7521C8226F600D6BB44 /* Products */,
			);
			sourceTree = "<group>";
		};
		C7C6A7521C8226F600D6BB44 /* Products */ = {
			isa = PBXGroup;
			children = (
				C7C6A7511C8226F600D6BB44 /* Swipes&Shakes.app */,
			);
			name = Products;
			sourceTree = "<group>";
		};
		C7C6A7531C8226F600D6BB44 /* Swipes&Shakes */ = {
			isa = PBXGroup;
			children = (
				C7C6A7541C8226F600D6BB44 /* AppDelegate.swift */,
				C7C6A7661C822E8500D6BB44 /* sounds */,
				C7C6A7561C8226F600D6BB44 /* ViewController.swift */,
				C7C6A7581C8226F600D6BB44 /* Main.storyboard */,
				C7C6A75B1C8226F600D6BB44 /* Assets.xcassets */,
				C7C6A75D1C8226F600D6BB44 /* LaunchScreen.storyboard */,
				C7C6A7601C8226F600D6BB44 /* Info.plist */,
			);
			path = "Swipes&Shakes";
			sourceTree = "<group>";
		};
		C7C6A7661C822E8500D6BB44 /* sounds */ = {
			isa = PBXGroup;
			children = (
				C7C6A7691C82314600D6BB44 /* car.mp3 */,
				C7C6A76B1C82319000D6BB44 /* train.mp3 */,
				C7C6A76F1C8231FB00D6BB44 /* tunk.mp3 */,
				C7C6A76D1C8231D700D6BB44 /* gun.mp3 */,
				C7C6A7671C822EA800D6BB44 /* calling.mp3 */,
			);
			name = sounds;
			sourceTree = "<group>";
		};
/* End PBXGroup section */

/* Begin PBXNativeTarget section */
		C7C6A7501C8226F600D6BB44 /* Swipes&Shakes */ = {
			isa = PBXNativeTarget;
			buildConfigurationList = C7C6A7631C8226F600D6BB44 /* Build configuration list for PBXNativeTarget "Swipes&Shakes" */;
			buildPhases = (
				C7C6A74D1C8226F600D6BB44 /* Sources */,
				C7C6A74E1C8226F600D6BB44 /* Frameworks */,
				C7C6A74F1C8226F600D6BB44 /* Resources */,
			);
			buildRules = (
			);
			dependencies = (
			);
			name = "Swipes&Shakes";
			productName = "Swipes&Shakes";
			productReference = C7C6A7511C8226F600D6BB44 /* Swipes&Shakes.app */;
			productType = "com.apple.product-type.application";
		};
/* End PBXNativeTarget section */

/* Begin PBXProject section */
		C7C6A7491C8226F600D6BB44 /* Project object */ = {
			isa = PBXProject;
			attributes = {
				LastSwiftUpdateCheck = 0720;
				LastUpgradeCheck = 0720;
				ORGANIZATIONNAME = "高山大介";
				TargetAttributes = {
					C7C6A7501C8226F600D6BB44 = {
						CreatedOnToolsVersion = 7.2.1;
					};
				};
			};
			buildConfigurationList = C7C6A74C1C8226F600D6BB44 /* Build configuration list for PBXProject "Swipes&Shakes" */;
			compatibilityVersion = "Xcode 3.2";
			developmentRegion = English;
			hasScannedForEncodings = 0;
			knownRegions = (
				en,
				Base,
			);
			mainGroup = C7C6A7481C8226F600D6BB44;
			productRefGroup = C7C6A7521C8226F600D6BB44 /* Products */;
			projectDirPath = "";
			projectRoot = "";
			targets = (
				C7C6A7501C8226F600D6BB44 /* Swipes&Shakes */,
			);
		};
/* End PBXProject section */

/* Begin PBXResourcesBuildPhase section */
		C7C6A74F1C8226F600D6BB44 /* Resources */ = {
			isa = PBXResourcesBuildPhase;
			buildActionMask = 2147483647;
			files = (
				C7C6A7701C8231FB00D6BB44 /* tunk.mp3 in Resources */,
				C7C6A75F1C8226F600D6BB44 /* LaunchScreen.storyboard in Resources */,
				C7C6A75C1C8226F600D6BB44 /* Assets.xcassets in Resources */,
				C7C6A76A1C82314600D6BB44 /* car.mp3 in Resources */,
				C7C6A75A1C8226F600D6BB44 /* Main.storyboard in Resources */,
				C7C6A7681C822EA800D6BB44 /* calling.mp3 in Resources */,
				C7C6A76C1C82319000D6BB44 /* train.mp3 in Resources */,
				C7C6A76E1C8231D700D6BB44 /* gun.mp3 in Resources */,
			);
			runOnlyForDeploymentPostprocessing = 0;
		};
/* End PBXResourcesBuildPhase section */

/* Begin PBXSourcesBuildPhase section */
		C7C6A74D1C8226F600D6BB44 /* Sources */ = {
			isa = PBXSourcesBuildPhase;
			buildActionMask = 2147483647;
			files = (
				C7C6A7571C8226F600D6BB44 /* ViewController.swift in Sources */,
				C7C6A7551C8226F600D6BB44 /* AppDelegate.swift in Sources */,
			);
			runOnlyForDeploymentPostprocessing = 0;
		};
/* End PBXSourcesBuildPhase section */

/* Begin PBXVariantGroup section */
		C7C6A7581C8226F600D6BB44 /* Main.storyboard */ = {
			isa = PBXVariantGroup;
			children = (
				C7C6A7591C8226F600D6BB44 /* Base */,
			);
			name = Main.storyboard;
			sourceTree = "<group>";
		};
		C7C6A75D1C8226F600D6BB44 /* LaunchScreen.storyboard */ = {
			isa = PBXVariantGroup;
			children = (
				C7C6A75E1C8226F600D6BB44 /* Base */,
			);
			name = LaunchScreen.storyboard;
			sourceTree = "<group>";
		};
/* End PBXVariantGroup section */

/* Begin XCBuildConfiguration section */
		C7C6A7611C8226F600D6BB44 /* Debug */ = {
			isa = XCBuildConfiguration;
			buildSettings = {
				ALWAYS_SEARCH_USER_PATHS = NO;
				CLANG_CXX_LANGUAGE_STANDARD = "gnu++0x";
				CLANG_CXX_LIBRARY = "libc++";
				CLANG_ENABLE_MODULES = YES;
				CLANG_ENABLE_OBJC_ARC = YES;
				CLANG_WARN_BOOL_CONVERSION = YES;
				CLANG_WARN_CONSTANT_CONVERSION = YES;
				CLANG_WARN_DIRECT_OBJC_ISA_USAGE = YES_ERROR;
				CLANG_WARN_EMPTY_BODY = YES;
				CLANG_WARN_ENUM_CONVERSION = YES;
				CLANG_WARN_INT_CONVERSION = YES;
				CLANG_WARN_OBJC_ROOT_CLASS = YES_ERROR;
				CLANG_WARN_UNREACHABLE_CODE = YES;
				CLANG_WARN__DUPLICATE_METHOD_MATCH = YES;
				"CODE_SIGN_IDENTITY[sdk=iphoneos*]" = "iPhone Developer";
				COPY_PHASE_STRIP = NO;
				DEBUG_INFORMATION_FORMAT = dwarf;
				ENABLE_STRICT_OBJC_MSGSEND = YES;
				ENABLE_TESTABILITY = YES;
				GCC_C_LANGUAGE_STANDARD = gnu99;
				GCC_DYNAMIC_NO_PIC = NO;
				GCC_NO_COMMON_BLOCKS = YES;
				GCC_OPTIMIZATION_LEVEL = 0;
				GCC_PREPROCESSOR_DEFINITIONS = (
					"DEBUG=1",
					"$(inherited)",
				);
				GCC_WARN_64_TO_32_BIT_CONVERSION = YES;
				GCC_WARN_ABOUT_RETURN_TYPE = YES_ERROR;
				GCC_WARN_UNDECLARED_SELECTOR = YES;
				GCC_WARN_UNINITIALIZED_AUTOS = YES_AGGRESSIVE;
				GCC_WARN_UNUSED_FUNCTION = YES;
				GCC_WARN_UNUSED_VARIABLE = YES;
				IPHONEOS_DEPLOYMENT_TARGET = 9.2;
				MTL_ENABLE_DEBUG_INFO = YES;
				ONLY_ACTIVE_ARCH = YES;
				SDKROOT = iphoneos;
				SWIFT_OPTIMIZATION_LEVEL = "-Onone";
			};
			name = Debug;
		};
		C7C6A7621C8226F600D6BB44 /* Release */ = {
			isa = XCBuildConfiguration;
			buildSettings = {
				ALWAYS_SEARCH_USER_PATHS = NO;
				CLANG_CXX_LANGUAGE_STANDARD = "gnu++0x";
				CLANG_CXX_LIBRARY = "libc++";
				CLANG_ENABLE_MODULES = YES;
				CLANG_ENABLE_OBJC_ARC = YES;
				CLANG_WARN_BOOL_CONVERSION = YES;
				CLANG_WARN_CONSTANT_CONVERSION = YES;
				CLANG_WARN_DIRECT_OBJC_ISA_USAGE = YES_ERROR;
				CLANG_WARN_EMPTY_BODY = YES;
				CLANG_WARN_ENUM_CONVERSION = YES;
				CLANG_WARN_INT_CONVERSION = YES;
				CLANG_WARN_OBJC_ROOT_CLASS = YES_ERROR;
				CLANG_WARN_UNREACHABLE_CODE = YES;
				CLANG_WARN__DUPLICATE_METHOD_MATCH = YES;
				"CODE_SIGN_IDENTITY[sdk=iphoneos*]" = "iPhone Developer";
				COPY_PHASE_STRIP = NO;
				DEBUG_INFORMATION_FORMAT = "dwarf-with-dsym";
				ENABLE_NS_ASSERTIONS = NO;
				ENABLE_STRICT_OBJC_MSGSEND = YES;
				GCC_C_LANGUAGE_STANDARD = gnu99;
				GCC_NO_COMMON_BLOCKS = YES;
				GCC_WARN_64_TO_32_BIT_CONVERSION = YES;
				GCC_WARN_ABOUT_RETURN_TYPE = YES_ERROR;
				GCC_WARN_UNDECLARED_SELECTOR = YES;
				GCC_WARN_UNINITIALIZED_AUTOS = YES_AGGRESSIVE;
				GCC_WARN_UNUSED_FUNCTION = YES;
				GCC_WARN_UNUSED_VARIABLE = YES;
				IPHONEOS_DEPLOYMENT_TARGET = 9.2;
				MTL_ENABLE_DEBUG_INFO = NO;
				SDKROOT = iphoneos;
				VALIDATE_PRODUCT = YES;
			};
			name = Release;
		};
		C7C6A7641C8226F600D6BB44 /* Debug */ = {
			isa = XCBuildConfiguration;
			buildSettings = {
				ASSETCATALOG_COMPILER_APPICON_NAME = AppIcon;
				INFOPLIST_FILE = "Swipes&Shakes/Info.plist";
				LD_RUNPATH_SEARCH_PATHS = "$(inherited) @executable_path/Frameworks";
				PRODUCT_BUNDLE_IDENTIFIER = "com.webcyou.Swipes-Shakes";
				PRODUCT_NAME = "$(TARGET_NAME)";
			};
			name = Debug;
		};
		C7C6A7651C8226F600D6BB44 /* Release */ = {
			isa = XCBuildConfiguration;
			buildSettings = {
				ASSETCATALOG_COMPILER_APPICON_NAME = AppIcon;
				INFOPLIST_FILE = "Swipes&Shakes/Info.plist";
				LD_RUNPATH_SEARCH_PATHS = "$(inherited) @executable_path/Frameworks";
				PRODUCT_BUNDLE_IDENTIFIER = "com.webcyou.Swipes-Shakes";
				PRODUCT_NAME = "$(TARGET_NAME)";
			};
			name = Release;
		};
/* End XCBuildConfiguration section */

/* Begin XCConfigurationList section */
		C7C6A74C1C8226F600D6BB44 /* Build configuration list for PBXProject "Swipes&Shakes" */ = {
			isa = XCConfigurationList;
			buildConfigurations = (
				C7C6A7611C8226F600D6BB44 /* Debug */,
				C7C6A7621C8226F600D6BB44 /* Release */,
			);
			defaultConfigurationIsVisible = 0;
			defaultConfigurationName = Release;
		};
		C7C6A7631C8226F600D6BB44 /* Build configuration list for PBXNativeTarget "Swipes&Shakes" */ = {
			isa = XCConfigurationList;
			buildConfigurations = (
				C7C6A7641C8226F600D6BB44 /* Debug */,
				C7C6A7651C8226F600D6BB44 /* Release */,
			);
			defaultConfigurationIsVisible = 0;
		};
/* End XCConfigurationList section */
	};
	rootObject = C7C6A7491C8226F600D6BB44 /* Project object */;
}
